
Microsoft Visual Studio Solution File, Format Version 12.00
# Visual Studio Version 17
VisualStudioVersion = 17.11.35219.272
MinimumVisualStudioVersion = 10.0.40219.1
Project("{FAE04EC0-301F-11D3-BF4B-00C04F79EFBC}") = "Uppgift111", "Uppgift111\Uppgift111.csproj", "{10061178-85D6-4974-BD0D-AB76EA9B12EA}"
EndProject
Global
	GlobalSection(SolutionConfigurationPlatforms) = preSolution
		Debug|Any CPU = Debug|Any CPU
		Release|Any CPU = Release|Any CPU
	EndGlobalSection
	GlobalSection(ProjectConfigurationPlatforms) = postSolution
		{10061178-85D6-4974-BD0D-AB76EA9B12EA}.Debug|Any CPU.ActiveCfg = Debug|Any CPU
		{10061178-85D6-4974-BD0D-AB76EA9B12EA}.Debug|Any CPU.Build.0 = Debug|Any CPU
		{10061178-85D6-4974-BD0D-AB76EA9B12EA}.Release|Any CPU.ActiveCfg = Release|Any CPU
		{10061178-85D6-4974-BD0D-AB76EA9B12EA}.Release|Any CPU.Build.0 = Release|Any CPU
	EndGlobalSection
	GlobalSection(SolutionProperties) = preSolution
		HideSolutionNode = FALSE
	EndGlobalSection
	GlobalSection(ExtensibilityGlobals) = postSolution
		SolutionGuid = {AE1539DD-FEAE-46C9-8896-DDB568FDDD19}
	EndGlobalSection
EndGlobal
